// !$*UTF8*$!
{
	archiveVersion = 1;
	classes = {
	};
	objectVersion = 46;
	objects = {

/* Begin PBXBuildFile section */
		BA6E6F0619E01F54002EF195 /* AppDelegate.swift in Sources */ = {isa = PBXBuildFile; fileRef = BA6E6F0519E01F54002EF195 /* AppDelegate.swift */; };
		BA6E6F0819E01F54002EF195 /* ViewController.swift in Sources */ = {isa = PBXBuildFile; fileRef = BA6E6F0719E01F54002EF195 /* ViewController.swift */; };
		BA6E6F0B19E01F54002EF195 /* Main.storyboard in Resources */ = {isa = PBXBuildFile; fileRef = BA6E6F0919E01F54002EF195 /* Main.storyboard */; };
		BA6E6F0D19E01F54002EF195 /* Images.xcassets in Resources */ = {isa = PBXBuildFile; fileRef = BA6E6F0C19E01F54002EF195 /* Images.xcassets */; };
		BA6E6F1019E01F54002EF195 /* LaunchScreen.xib in Resources */ = {isa = PBXBuildFile; fileRef = BA6E6F0E19E01F54002EF195 /* LaunchScreen.xib */; };
		BA6E6F1C19E01F54002EF195 /* PostcardTests.swift in Sources */ = {isa = PBXBuildFile; fileRef = BA6E6F1B19E01F54002EF195 /* PostcardTests.swift */; };
		BA6E6F2619E025E4002EF195 /* SagradaFamilia.jpeg in Resources */ = {isa = PBXBuildFile; fileRef = BA6E6F2519E025E4002EF195 /* SagradaFamilia.jpeg */; };
		BA6E6F2819E0295C002EF195 /* AlbertEinsteinStamp.jpg in Resources */ = {isa = PBXBuildFile; fileRef = BA6E6F2719E0295C002EF195 /* AlbertEinsteinStamp.jpg */; };
/* End PBXBuildFile section */

/* Begin PBXContainerItemProxy section */
		BA6E6F1619E01F54002EF195 /* PBXContainerItemProxy */ = {
			isa = PBXContainerItemProxy;
			containerPortal = BA6E6EF819E01F53002EF195 /* Project object */;
			proxyType = 1;
			remoteGlobalIDString = BA6E6EFF19E01F53002EF195;
			remoteInfo = Postcard;
		};
/* End PBXContainerItemProxy section */

/* Begin PBXFileReference section */
		BA6E6F0019E01F54002EF195 /* Postcard.app */ = {isa = PBXFileReference; explicitFileType = wrapper.application; includeInIndex = 0; path = Postcard.app; sourceTree = BUILT_PRODUCTS_DIR; };
		BA6E6F0419E01F54002EF195 /* Info.plist */ = {isa = PBXFileReference; lastKnownFileType = text.plist.xml; path = Info.plist; sourceTree = "<group>"; };
		BA6E6F0519E01F54002EF195 /* AppDelegate.swift */ = {isa = PBXFileReference; lastKnownFileType = sourcecode.swift; path = AppDelegate.swift; sourceTree = "<group>"; };
		BA6E6F0719E01F54002EF195 /* ViewController.swift */ = {isa = PBXFileReference; lastKnownFileType = sourcecode.swift; path = ViewController.swift; sourceTree = "<group>"; };
		BA6E6F0A19E01F54002EF195 /* Base */ = {isa = PBXFileReference; lastKnownFileType = file.storyboard; name = Base; path = Base.lproj/Main.storyboard; sourceTree = "<group>"; };
		BA6E6F0C19E01F54002EF195 /* Images.xcassets */ = {isa = PBXFileReference; lastKnownFileType = folder.assetcatalog; path = Images.xcassets; sourceTree = "<group>"; };
		BA6E6F0F19E01F54002EF195 /* Base */ = {isa = PBXFileReference; lastKnownFileType = file.xib; name = Base; path = Base.lproj/LaunchScreen.xib; sourceTree = "<group>"; };
		BA6E6F1519E01F54002EF195 /* PostcardTests.xctest */ = {isa = PBXFileReference; explicitFileType = wrapper.cfbundle; includeInIndex = 0; path = PostcardTests.xctest; sourceTree = BUILT_PRODUCTS_DIR; };
		BA6E6F1A19E01F54002EF195 /* Info.plist */ = {isa = PBXFileReference; lastKnownFileType = text.plist.xml; path = Info.plist; sourceTree = "<group>"; };
		BA6E6F1B19E01F54002EF195 /* PostcardTests.swift */ = {isa = PBXFileReference; lastKnownFileType = sourcecode.swift; path = PostcardTests.swift; sourceTree = "<group>"; };
		BA6E6F2519E025E4002EF195 /* SagradaFamilia.jpeg */ = {isa = PBXFileReference; lastKnownFileType = image.jpeg; path = SagradaFamilia.jpeg; sourceTree = "<group>"; };
		BA6E6F2719E0295C002EF195 /* AlbertEinsteinStamp.jpg */ = {isa = PBXFileReference; lastKnownFileType = image.jpeg; path = AlbertEinsteinStamp.jpg; sourceTree = "<group>"; };
/* End PBXFileReference section */

/* Begin PBXFrameworksBuildPhase section */
		BA6E6EFD19E01F53002EF195 /* Frameworks */ = {
			isa = PBXFrameworksBuildPhase;
			buildActionMask = 2147483647;
			files = (
			);
			runOnlyForDeploymentPostprocessing = 0;
		};
		BA6E6F1219E01F54002EF195 /* Frameworks */ = {
			isa = PBXFrameworksBuildPhase;
			buildActionMask = 2147483647;
			files = (
			);
			runOnlyForDeploymentPostprocessing = 0;
		};
/* End PBXFrameworksBuildPhase section */

/* Begin PBXGroup section */
		BA6E6EF719E01F53002EF195 = {
			isa = PBXGroup;
			children = (
				BA6E6F0219E01F54002EF195 /* Postcard */,
				BA6E6F1819E01F54002EF195 /* PostcardTests */,
				BA6E6F0119E01F54002EF195 /* Products */,
			);
			sourceTree = "<group>";
		};
		BA6E6F0119E01F54002EF195 /* Products */ = {
			isa = PBXGroup;
			children = (
				BA6E6F0019E01F54002EF195 /* Postcard.app */,
				BA6E6F1519E01F54002EF195 /* PostcardTests.xctest */,
			);
			name = Products;
			sourceTree = "<group>";
		};
		BA6E6F0219E01F54002EF195 /* Postcard */ = {
			isa = PBXGroup;
			children = (
				BA6E6F0519E01F54002EF195 /* AppDelegate.swift */,
				BA6E6F0719E01F54002EF195 /* ViewController.swift */,
				BA6E6F0919E01F54002EF195 /* Main.storyboard */,
				BA6E6F0C19E01F54002EF195 /* Images.xcassets */,
				BA6E6F0E19E01F54002EF195 /* LaunchScreen.xib */,
				BA6E6F0319E01F54002EF195 /* Supporting Files */,
			);
			path = Postcard;
			sourceTree = "<group>";
		};
		BA6E6F0319E01F54002EF195 /* Supporting Files */ = {
			isa = PBXGroup;
			children = (
				BA6E6F2719E0295C002EF195 /* AlbertEinsteinStamp.jpg */,
				BA6E6F2519E025E4002EF195 /* SagradaFamilia.jpeg */,
				BA6E6F0419E01F54002EF195 /* Info.plist */,
			);
			name = "Supporting Files";
			sourceTree = "<group>";
		};
		BA6E6F1819E01F54002EF195 /* PostcardTests */ = {
			isa = PBXGroup;
			children = (
				BA6E6F1B19E01F54002EF195 /* PostcardTests.swift */,
				BA6E6F1919E01F54002EF195 /* Supporting Files */,
			);
			path = PostcardTests;
			sourceTree = "<group>";
		};
		BA6E6F1919E01F54002EF195 /* Supporting Files */ = {
			isa = PBXGroup;
			children = (
				BA6E6F1A19E01F54002EF195 /* Info.plist */,
			);
			name = "Supporting Files";
			sourceTree = "<group>";
		};
/* End PBXGroup section */

/* Begin PBXNativeTarget section */
		BA6E6EFF19E01F53002EF195 /* Postcard */ = {
			isa = PBXNativeTarget;
			buildConfigurationList = BA6E6F1F19E01F54002EF195 /* Build configuration list for PBXNativeTarget "Postcard" */;
			buildPhases = (
				BA6E6EFC19E01F53002EF195 /* Sources */,
				BA6E6EFD19E01F53002EF195 /* Frameworks */,
				BA6E6EFE19E01F53002EF195 /* Resources */,
			);
			buildRules = (
			);
			dependencies = (
			);
			name = Postcard;
			productName = Postcard;
			productReference = BA6E6F0019E01F54002EF195 /* Postcard.app */;
			productType = "com.apple.product-type.application";
		};
		BA6E6F1419E01F54002EF195 /* PostcardTests */ = {
			isa = PBXNativeTarget;
			buildConfigurationList = BA6E6F2219E01F54002EF195 /* Build configuration list for PBXNativeTarget "PostcardTests" */;
			buildPhases = (
				BA6E6F1119E01F54002EF195 /* Sources */,
				BA6E6F1219E01F54002EF195 /* Frameworks */,
				BA6E6F1319E01F54002EF195 /* Resources */,
			);
			buildRules = (
			);
			dependencies = (
				BA6E6F1719E01F54002EF195 /* PBXTargetDependency */,
			);
			name = PostcardTests;
			productName = PostcardTests;
			productReference = BA6E6F1519E01F54002EF195 /* PostcardTests.xctest */;
			productType = "com.apple.product-type.bundle.unit-test";
		};
/* End PBXNativeTarget section */

/* Begin PBXProject section */
		BA6E6EF819E01F53002EF195 /* Project object */ = {
			isa = PBXProject;
			attributes = {
				LastUpgradeCheck = 0600;
				ORGANIZATIONNAME = "Dan Manley";
				TargetAttributes = {
					BA6E6EFF19E01F53002EF195 = {
						CreatedOnToolsVersion = 6.0.1;
					};
					BA6E6F1419E01F54002EF195 = {
						CreatedOnToolsVersion = 6.0.1;
						TestTargetID = BA6E6EFF19E01F53002EF195;
					};
				};
			};
			buildConfigurationList = BA6E6EFB19E01F53002EF195 /* Build configuration list for PBXProject "Postcard" */;
			compatibilityVersion = "Xcode 3.2";
			developmentRegion = English;
			hasScannedForEncodings = 0;
			knownRegions = (
				en,
				Base,
			);
			mainGroup = BA6E6EF719E01F53002EF195;
			productRefGroup = BA6E6F0119E01F54002EF195 /* Products */;
			projectDirPath = "";
			projectRoot = "";
			targets = (
				BA6E6EFF19E01F53002EF195 /* Postcard */,
				BA6E6F1419E01F54002EF195 /* PostcardTests */,
			);
		};
/* End PBXProject section */

/* Begin PBXResourcesBuildPhase section */
		BA6E6EFE19E01F53002EF195 /* Resources */ = {
			isa = PBXResourcesBuildPhase;
			buildActionMask = 2147483647;
			files = (
				BA6E6F0B19E01F54002EF195 /* Main.storyboard in Resources */,
				BA6E6F2619E025E4002EF195 /* SagradaFamilia.jpeg in Resources */,
				BA6E6F2819E0295C002EF195 /* AlbertEinsteinStamp.jpg in Resources */,
				BA6E6F1019E01F54002EF195 /* LaunchScreen.xib in Resources */,
				BA6E6F0D19E01F54002EF195 /* Images.xcassets in Resources */,
			);
			runOnlyForDeploymentPostprocessing = 0;
		};
		BA6E6F1319E01F54002EF195 /* Resources */ = {
			isa = PBXResourcesBuildPhase;
			buildActionMask = 2147483647;
			files = (
			);
			runOnlyForDeploymentPostprocessing = 0;
		};
/* End PBXResourcesBuildPhase section */

/* Begin PBXSourcesBuildPhase section */
		BA6E6EFC19E01F53002EF195 /* Sources */ = {
			isa = PBXSourcesBuildPhase;
			buildActionMask = 2147483647;
			files = (
				BA6E6F0819E01F54002EF195 /* ViewController.swift in Sources */,
				BA6E6F0619E01F54002EF195 /* AppDelegate.swift in Sources */,
			);
			runOnlyForDeploymentPostprocessing = 0;
		};
		BA6E6F1119E01F54002EF195 /* Sources */ = {
			isa = PBXSourcesBuildPhase;
			buildActionMask = 2147483647;
			files = (
				BA6E6F1C19E01F54002EF195 /* PostcardTests.swift in Sources */,
			);
			runOnlyForDeploymentPostprocessing = 0;
		};
/* End PBXSourcesBuildPhase section */

/* Begin PBXTargetDependency section */
		BA6E6F1719E01F54002EF195 /* PBXTargetDependency */ = {
			isa = PBXTargetDependency;
			target = BA6E6EFF19E01F53002EF195 /* Postcard */;
			targetProxy = BA6E6F1619E01F54002EF195 /* PBXContainerItemProxy */;
		};
/* End PBXTargetDependency section */

/* Begin PBXVariantGroup section */
		BA6E6F0919E01F54002EF195 /* Main.storyboard */ = {
			isa = PBXVariantGroup;
			children = (
				BA6E6F0A19E01F54002EF195 /* Base */,
			);
			name = Main.storyboard;
			sourceTree = "<group>";
		};
		BA6E6F0E19E01F54002EF195 /* LaunchScreen.xib */ = {
			isa = PBXVariantGroup;
			children = (
				BA6E6F0F19E01F54002EF195 /* Base */,
			);
			name = LaunchScreen.xib;
			sourceTree = "<group>";
		};
/* End PBXVariantGroup section */

/* Begin XCBuildConfiguration section */
		BA6E6F1D19E01F54002EF195 /* Debug */ = {
			isa = XCBuildConfiguration;
			buildSettings = {
				ALWAYS_SEARCH_USER_PATHS = NO;
				CLANG_CXX_LANGUAGE_STANDARD = "gnu++0x";
				CLANG_CXX_LIBRARY = "libc++";
				CLANG_ENABLE_MODULES = YES;
				CLANG_ENABLE_OBJC_ARC = YES;
				CLANG_WARN_BOOL_CONVERSION = YES;
				CLANG_WARN_CONSTANT_CONVERSION = YES;
				CLANG_WARN_DIRECT_OBJC_ISA_USAGE = YES_ERROR;
				CLANG_WARN_EMPTY_BODY = YES;
				CLANG_WARN_ENUM_CONVERSION = YES;
				CLANG_WARN_INT_CONVERSION = YES;
				CLANG_WARN_OBJC_ROOT_CLASS = YES_ERROR;
				CLANG_WARN_UNREACHABLE_CODE = YES;
				CLANG_WARN__DUPLICATE_METHOD_MATCH = YES;
				"CODE_SIGN_IDENTITY[sdk=iphoneos*]" = "iPhone Developer";
				COPY_PHASE_STRIP = NO;
				ENABLE_STRICT_OBJC_MSGSEND = YES;
				GCC_C_LANGUAGE_STANDARD = gnu99;
				GCC_DYNAMIC_NO_PIC = NO;
				GCC_OPTIMIZATION_LEVEL = 0;
				GCC_PREPROCESSOR_DEFINITIONS = (
					"DEBUG=1",
					"$(inherited)",
				);
				GCC_SYMBOLS_PRIVATE_EXTERN = NO;
				GCC_WARN_64_TO_32_BIT_CONVERSION = YES;
				GCC_WARN_ABOUT_RETURN_TYPE = YES_ERROR;
				GCC_WARN_UNDECLARED_SELECTOR = YES;
				GCC_WARN_UNINITIALIZED_AUTOS = YES_AGGRESSIVE;
				GCC_WARN_UNUSED_FUNCTION = YES;
				GCC_WARN_UNUSED_VARIABLE = YES;
				IPHONEOS_DEPLOYMENT_TARGET = 8.0;
				MTL_ENABLE_DEBUG_INFO = YES;
				ONLY_ACTIVE_ARCH = YES;
				SDKROOT = iphoneos;
				SWIFT_OPTIMIZATION_LEVEL = "-Onone";
				TARGETED_DEVICE_FAMILY = "1,2";
			};
			name = Debug;
		};
		BA6E6F1E19E01F54002EF195 /* Release */ = {
			isa = XCBuildConfiguration;
			buildSettings = {
				ALWAYS_SEARCH_USER_PATHS = NO;
				CLANG_CXX_LANGUAGE_STANDARD = "gnu++0x";
				CLANG_CXX_LIBRARY = "libc++";
				CLANG_ENABLE_MODULES = YES;
				CLANG_ENABLE_OBJC_ARC = YES;
				CLANG_WARN_BOOL_CONVERSION = YES;
				CLANG_WARN_CONSTANT_CONVERSION = YES;
				CLANG_WARN_DIRECT_OBJC_ISA_USAGE = YES_ERROR;
				CLANG_WARN_EMPTY_BODY = YES;
				CLANG_WARN_ENUM_CONVERSION = YES;
				CLANG_WARN_INT_CONVERSION = YES;
				CLANG_WARN_OBJC_ROOT_CLASS = YES_ERROR;
				CLANG_WARN_UNREACHABLE_CODE = YES;
				CLANG_WARN__DUPLICATE_METHOD_MATCH = YES;
				"CODE_SIGN_IDENTITY[sdk=iphoneos*]" = "iPhone Developer";
				COPY_PHASE_STRIP = YES;
				ENABLE_NS_ASSERTIONS = NO;
				ENABLE_STRICT_OBJC_MSGSEND = YES;
				GCC_C_LANGUAGE_STANDARD = gnu99;
				GCC_WARN_64_TO_32_BIT_CONVERSION = YES;
				GCC_WARN_ABOUT_RETURN_TYPE = YES_ERROR;
				GCC_WARN_UNDECLARED_SELECTOR = YES;
				GCC_WARN_UNINITIALIZED_AUTOS = YES_AGGRESSIVE;
				GCC_WARN_UNUSED_FUNCTION = YES;
				GCC_WARN_UNUSED_VARIABLE = YES;
				IPHONEOS_DEPLOYMENT_TARGET = 8.0;
				MTL_ENABLE_DEBUG_INFO = NO;
				SDKROOT = iphoneos;
				TARGETED_DEVICE_FAMILY = "1,2";
				VALIDATE_PRODUCT = YES;
			};
			name = Release;
		};
		BA6E6F2019E01F54002EF195 /* Debug */ = {
			isa = XCBuildConfiguration;
			buildSettings = {
				ASSETCATALOG_COMPILER_APPICON_NAME = AppIcon;
				CODE_SIGN_IDENTITY = "iPhone Developer";
				INFOPLIST_FILE = Postcard/Info.plist;
				LD_RUNPATH_SEARCH_PATHS = "$(inherited) @executable_path/Frameworks";
				PRODUCT_NAME = "$(TARGET_NAME)";
			};
			name = Debug;
		};
		BA6E6F2119E01F54002EF195 /* Release */ = {
			isa = XCBuildConfiguration;
			buildSettings = {
				ASSETCATALOG_COMPILER_APPICON_NAME = AppIcon;
				CODE_SIGN_IDENTITY = "iPhone Developer";
				INFOPLIST_FILE = Postcard/Info.plist;
				LD_RUNPATH_SEARCH_PATHS = "$(inherited) @executable_path/Frameworks";
				PRODUCT_NAME = "$(TARGET_NAME)";
			};
			name = Release;
		};
		BA6E6F2319E01F54002EF195 /* Debug */ = {
			isa = XCBuildConfiguration;
			buildSettings = {
				BUNDLE_LOADER = "$(TEST_HOST)";
				FRAMEWORK_SEARCH_PATHS = (
					"$(SDKROOT)/Developer/Library/Frameworks",
					"$(inherited)",
				);
				GCC_PREPROCESSOR_DEFINITIONS = (
					"DEBUG=1",
					"$(inherited)",
				);
				INFOPLIST_FILE = PostcardTests/Info.plist;
				LD_RUNPATH_SEARCH_PATHS = "$(inherited) @executable_path/Frameworks @loader_path/Frameworks";
				PRODUCT_NAME = "$(TARGET_NAME)";
				TEST_HOST = "$(BUILT_PRODUCTS_DIR)/Postcard.app/Postcard";
			};
			name = Debug;
		};
		BA6E6F2419E01F54002EF195 /* Release */ = {
			isa = XCBuildConfiguration;
			buildSettings = {
				BUNDLE_LOADER = "$(TEST_HOST)";
				FRAMEWORK_SEARCH_PATHS = (
					"$(SDKROOT)/Developer/Library/Frameworks",
					"$(inherited)",
				);
				INFOPLIST_FILE = PostcardTests/Info.plist;
				LD_RUNPATH_SEARCH_PATHS = "$(inherited) @executable_path/Frameworks @loader_path/Frameworks";
				PRODUCT_NAME = "$(TARGET_NAME)";
				TEST_HOST = "$(BUILT_PRODUCTS_DIR)/Postcard.app/Postcard";
			};
			name = Release;
		};
/* End XCBuildConfiguration section */

/* Begin XCConfigurationList section */
		BA6E6EFB19E01F53002EF195 /* Build configuration list for PBXProject "Postcard" */ = {
			isa = XCConfigurationList;
			buildConfigurations = (
				BA6E6F1D19E01F54002EF195 /* Debug */,
				BA6E6F1E19E01F54002EF195 /* Release */,
			);
			defaultConfigurationIsVisible = 0;
			defaultConfigurationName = Release;
		};
		BA6E6F1F19E01F54002EF195 /* Build configuration list for PBXNativeTarget "Postcard" */ = {
			isa = XCConfigurationList;
			buildConfigurations = (
				BA6E6F2019E01F54002EF195 /* Debug */,
				BA6E6F2119E01F54002EF195 /* Release */,
			);
			defaultConfigurationIsVisible = 0;
		};
		BA6E6F2219E01F54002EF195 /* Build configuration list for PBXNativeTarget "PostcardTests" */ = {
			isa = XCConfigurationList;
			buildConfigurations = (
				BA6E6F2319E01F54002EF195 /* Debug */,
				BA6E6F2419E01F54002EF195 /* Release */,
			);
			defaultConfigurationIsVisible = 0;
		};
/* End XCConfigurationList section */
	};
	rootObject = BA6E6EF819E01F53002EF195 /* Project object */;
}
